# This file is automatically @generated by Cargo.
# It is not intended for manual editing.
version = 3

[[package]]
name = "arrayref"
version = "0.3.4"
source = "registry+https://github.com/rust-lang/crates.io-index"
checksum = "0fd1479b7c29641adbd35ff3b5c293922d696a92f25c8c975da3e0acbc87258f"

[[package]]
name = "block-buffer"
version = "0.3.3"
source = "registry+https://github.com/rust-lang/crates.io-index"
checksum = "a076c298b9ecdb530ed9d967e74a6027d6a7478924520acddcddc24c1c8ab3ab"
dependencies = [
 "arrayref",
 "byte-tools",
]

[[package]]
name = "block-cipher-trait"
version = "0.5.2"
source = "registry+https://github.com/rust-lang/crates.io-index"
checksum = "bd4e45002699a6d10345f5fee7a99545e5bcf3be02d631d7fff9217f8d3cebbd"
dependencies = [
 "generic-array",
]

[[package]]
name = "byte-tools"
version = "0.2.0"
source = "registry+https://github.com/rust-lang/crates.io-index"
checksum = "560c32574a12a89ecd91f5e742165893f86e3ab98d21f8ea548658eb9eef5f40"

[[package]]
name = "capsules"
version = "0.1.0"
dependencies = [
 "kernel",
]

[[package]]
name = "cortexm"
version = "0.1.0"
dependencies = [
 "kernel",
]

[[package]]
name = "cortexm4"
version = "0.1.0"
dependencies = [
 "cortexm",
 "kernel",
]

[[package]]
name = "digest"
version = "0.7.4"
source = "registry+https://github.com/rust-lang/crates.io-index"
checksum = "3cae2388d706b52f2f2f9afe280f9d768be36544bd71d1b8120cb34ea6450b55"
dependencies = [
 "generic-array",
]

[[package]]
name = "fake-simd"
version = "0.1.2"
source = "registry+https://github.com/rust-lang/crates.io-index"
checksum = "e88a8acf291dafb59c2d96e8f59828f3838bb1a70398823ade51a84de6a6deed"

[[package]]
name = "generic-array"
version = "0.9.1"
source = "registry+https://github.com/rust-lang/crates.io-index"
checksum = "6d00328cedcac5e81c683e5620ca6a30756fc23027ebf9bff405c0e8da1fbb7e"
dependencies = [
 "typenum",
]

[[package]]
name = "kernel"
version = "0.1.0"
dependencies = [
 "tock-regs",
]

[[package]]
name = "mk66"
version = "0.1.0"
dependencies = [
 "block-cipher-trait",
 "capsules",
 "cortexm4",
 "kernel",
 "sha2",
 "twofish",
]

[[package]]
name = "opaque-debug"
version = "0.1.1"
source = "registry+https://github.com/rust-lang/crates.io-index"
checksum = "d620c9c26834b34f039489ac0dfdb12c7ac15ccaf818350a64c9b5334a452ad7"

[[package]]
name = "sha2"
version = "0.7.1"
source = "registry+https://github.com/rust-lang/crates.io-index"
checksum = "9eb6be24e4c23a84d7184280d2722f7f2731fcdd4a9d886efbfe4413e4847ea0"
dependencies = [
 "block-buffer",
 "byte-tools",
 "digest",
 "fake-simd",
]

[[package]]
name = "tock-regs"
version = "0.1.0"

[[package]]
name = "twofish"
version = "0.1.0"
source = "registry+https://github.com/rust-lang/crates.io-index"
checksum = "1eef327f05b0d0ec1b9d7d119d8f4d9f602ceee37e0540aff8071e8e66c2e22e"
dependencies = [
 "block-cipher-trait",
 "byte-tools",
 "opaque-debug",
]

[[package]]
name = "typenum"
version = "1.10.0"
source = "registry+https://github.com/rust-lang/crates.io-index"
checksum = "612d636f949607bdf9b123b4a6f6d966dedf3ff669f7f045890d3a4a73948169"
