[[package]]
name = "arrayref"
version = "0.3.4"
source = "registry+https://github.com/rust-lang/crates.io-index"

[[package]]
name = "block-buffer"
version = "0.3.3"
source = "registry+https://github.com/rust-lang/crates.io-index"
dependencies = [
 "arrayref 0.3.4 (registry+https://github.com/rust-lang/crates.io-index)",
 "byte-tools 0.2.0 (registry+https://github.com/rust-lang/crates.io-index)",
]

[[package]]
name = "block-cipher-trait"
version = "0.5.2"
source = "registry+https://github.com/rust-lang/crates.io-index"
dependencies = [
 "generic-array 0.9.0 (registry+https://github.com/rust-lang/crates.io-index)",
]

[[package]]
name = "byte-tools"
version = "0.2.0"
source = "registry+https://github.com/rust-lang/crates.io-index"

[[package]]
name = "capsules"
version = "0.1.0"
dependencies = [
 "kernel 0.1.0",
]

[[package]]
name = "cortexm"
version = "0.1.0"
dependencies = [
 "kernel 0.1.0",
]

[[package]]
name = "cortexm4"
version = "0.1.0"
dependencies = [
 "cortexm 0.1.0",
 "kernel 0.1.0",
]

[[package]]
name = "digest"
version = "0.7.4"
source = "registry+https://github.com/rust-lang/crates.io-index"
dependencies = [
 "generic-array 0.9.0 (registry+https://github.com/rust-lang/crates.io-index)",
]

[[package]]
name = "fake-simd"
version = "0.1.2"
source = "registry+https://github.com/rust-lang/crates.io-index"

[[package]]
name = "generic-array"
version = "0.9.0"
source = "registry+https://github.com/rust-lang/crates.io-index"
dependencies = [
 "typenum 1.10.0 (registry+https://github.com/rust-lang/crates.io-index)",
]

[[package]]
name = "kernel"
version = "0.1.0"
dependencies = [
 "tock-regs 0.1.0",
]

[[package]]
name = "mk66"
version = "0.1.0"
dependencies = [
 "block-cipher-trait 0.5.2 (registry+https://github.com/rust-lang/crates.io-index)",
 "capsules 0.1.0",
 "cortexm4 0.1.0",
 "kernel 0.1.0",
 "sha2 0.7.1 (registry+https://github.com/rust-lang/crates.io-index)",
 "twofish 0.1.0 (registry+https://github.com/rust-lang/crates.io-index)",
]

[[package]]
name = "opaque-debug"
version = "0.1.1"
source = "registry+https://github.com/rust-lang/crates.io-index"

[[package]]
name = "sha2"
version = "0.7.1"
source = "registry+https://github.com/rust-lang/crates.io-index"
dependencies = [
 "block-buffer 0.3.3 (registry+https://github.com/rust-lang/crates.io-index)",
 "byte-tools 0.2.0 (registry+https://github.com/rust-lang/crates.io-index)",
 "digest 0.7.4 (registry+https://github.com/rust-lang/crates.io-index)",
 "fake-simd 0.1.2 (registry+https://github.com/rust-lang/crates.io-index)",
]

[[package]]
name = "tock-regs"
version = "0.1.0"

[[package]]
name = "twofish"
version = "0.1.0"
source = "registry+https://github.com/rust-lang/crates.io-index"
dependencies = [
 "block-cipher-trait 0.5.2 (registry+https://github.com/rust-lang/crates.io-index)",
 "byte-tools 0.2.0 (registry+https://github.com/rust-lang/crates.io-index)",
 "opaque-debug 0.1.1 (registry+https://github.com/rust-lang/crates.io-index)",
]

[[package]]
name = "typenum"
version = "1.10.0"
source = "registry+https://github.com/rust-lang/crates.io-index"

[metadata]
"checksum arrayref 0.3.4 (registry+https://github.com/rust-lang/crates.io-index)" = "0fd1479b7c29641adbd35ff3b5c293922d696a92f25c8c975da3e0acbc87258f"
"checksum block-buffer 0.3.3 (registry+https://github.com/rust-lang/crates.io-index)" = "a076c298b9ecdb530ed9d967e74a6027d6a7478924520acddcddc24c1c8ab3ab"
"checksum block-cipher-trait 0.5.2 (registry+https://github.com/rust-lang/crates.io-index)" = "bd4e45002699a6d10345f5fee7a99545e5bcf3be02d631d7fff9217f8d3cebbd"
"checksum byte-tools 0.2.0 (registry+https://github.com/rust-lang/crates.io-index)" = "560c32574a12a89ecd91f5e742165893f86e3ab98d21f8ea548658eb9eef5f40"
"checksum digest 0.7.4 (registry+https://github.com/rust-lang/crates.io-index)" = "3cae2388d706b52f2f2f9afe280f9d768be36544bd71d1b8120cb34ea6450b55"
"checksum fake-simd 0.1.2 (registry+https://github.com/rust-lang/crates.io-index)" = "e88a8acf291dafb59c2d96e8f59828f3838bb1a70398823ade51a84de6a6deed"
"checksum generic-array 0.9.0 (registry+https://github.com/rust-lang/crates.io-index)" = "ef25c5683767570c2bbd7deba372926a55eaae9982d7726ee2a1050239d45b9d"
"checksum opaque-debug 0.1.1 (registry+https://github.com/rust-lang/crates.io-index)" = "d620c9c26834b34f039489ac0dfdb12c7ac15ccaf818350a64c9b5334a452ad7"
"checksum sha2 0.7.1 (registry+https://github.com/rust-lang/crates.io-index)" = "9eb6be24e4c23a84d7184280d2722f7f2731fcdd4a9d886efbfe4413e4847ea0"
"checksum twofish 0.1.0 (registry+https://github.com/rust-lang/crates.io-index)" = "1eef327f05b0d0ec1b9d7d119d8f4d9f602ceee37e0540aff8071e8e66c2e22e"
"checksum typenum 1.10.0 (registry+https://github.com/rust-lang/crates.io-index)" = "612d636f949607bdf9b123b4a6f6d966dedf3ff669f7f045890d3a4a73948169"
